
Microsoft Visual Studio Solution File, Format Version 12.00
# Visual Studio Version 17
VisualStudioVersion = 17.8.34316.72
MinimumVisualStudioVersion = 10.0.40219.1
Project("{FAE04EC0-301F-11D3-BF4B-00C04F79EFBC}") = "Booking", "Booking\Booking.csproj", "{C0C11B40-82B6-42D9-AA12-CC3E11F5A615}"
EndProject
Global
	GlobalSection(SolutionConfigurationPlatforms) = preSolution
		Debug|Any CPU = Debug|Any CPU
		Release|Any CPU = Release|Any CPU
	EndGlobalSection
	GlobalSection(ProjectConfigurationPlatforms) = postSolution
		{C0C11B40-82B6-42D9-AA12-CC3E11F5A615}.Debug|Any CPU.ActiveCfg = Debug|Any CPU
		{C0C11B40-82B6-42D9-AA12-CC3E11F5A615}.Debug|Any CPU.Build.0 = Debug|Any CPU
		{C0C11B40-82B6-42D9-AA12-CC3E11F5A615}.Release|Any CPU.ActiveCfg = Release|Any CPU
		{C0C11B40-82B6-42D9-AA12-CC3E11F5A615}.Release|Any CPU.Build.0 = Release|Any CPU
	EndGlobalSection
	GlobalSection(SolutionProperties) = preSolution
		HideSolutionNode = FALSE
	EndGlobalSection
	GlobalSection(ExtensibilityGlobals) = postSolution
		SolutionGuid = {0E5A8CBD-358A-4CDD-B34C-E3B509386554}
	EndGlobalSection
EndGlobal
